
Microsoft Visual Studio Solution File, Format Version 12.00
# Visual Studio Version 16
VisualStudioVersion = 16.0.31624.102
MinimumVisualStudioVersion = 10.0.40219.1
Project("{FAE04EC0-301F-11D3-BF4B-00C04F79EFBC}") = "SecondProject.Android", "SecondProject\SecondProject.Android\SecondProject.Android.csproj", "{2ED349C1-37BF-47A7-9633-267A7C031795}"
EndProject
Project("{FAE04EC0-301F-11D3-BF4B-00C04F79EFBC}") = "SecondProject.iOS", "SecondProject\SecondProject.iOS\SecondProject.iOS.csproj", "{6934FEA7-55D6-44B9-BF78-603125B0C20E}"
EndProject
Project("{FAE04EC0-301F-11D3-BF4B-00C04F79EFBC}") = "SecondProject", "SecondProject\SecondProject\SecondProject.csproj", "{001D96BC-5BE3-45C7-8EF4-222F87702B28}"
EndProject
Global
	GlobalSection(SolutionConfigurationPlatforms) = preSolution
		Debug|Any CPU = Debug|Any CPU
		Debug|iPhone = Debug|iPhone
		Debug|iPhoneSimulator = Debug|iPhoneSimulator
		Release|Any CPU = Release|Any CPU
		Release|iPhone = Release|iPhone
		Release|iPhoneSimulator = Release|iPhoneSimulator
	EndGlobalSection
	GlobalSection(ProjectConfigurationPlatforms) = postSolution
		{2ED349C1-37BF-47A7-9633-267A7C031795}.Debug|Any CPU.ActiveCfg = Debug|Any CPU
		{2ED349C1-37BF-47A7-9633-267A7C031795}.Debug|Any CPU.Build.0 = Debug|Any CPU
		{2ED349C1-37BF-47A7-9633-267A7C031795}.Debug|Any CPU.Deploy.0 = Debug|Any CPU
		{2ED349C1-37BF-47A7-9633-267A7C031795}.Debug|iPhone.ActiveCfg = Debug|Any CPU
		{2ED349C1-37BF-47A7-9633-267A7C031795}.Debug|iPhone.Build.0 = Debug|Any CPU
		{2ED349C1-37BF-47A7-9633-267A7C031795}.Debug|iPhone.Deploy.0 = Debug|Any CPU
		{2ED349C1-37BF-47A7-9633-267A7C031795}.Debug|iPhoneSimulator.ActiveCfg = Debug|Any CPU
		{2ED349C1-37BF-47A7-9633-267A7C031795}.Debug|iPhoneSimulator.Build.0 = Debug|Any CPU
		{2ED349C1-37BF-47A7-9633-267A7C031795}.Debug|iPhoneSimulator.Deploy.0 = Debug|Any CPU
		{2ED349C1-37BF-47A7-9633-267A7C031795}.Release|Any CPU.ActiveCfg = Release|Any CPU
		{2ED349C1-37BF-47A7-9633-267A7C031795}.Release|Any CPU.Build.0 = Release|Any CPU
		{2ED349C1-37BF-47A7-9633-267A7C031795}.Release|Any CPU.Deploy.0 = Release|Any CPU
		{2ED349C1-37BF-47A7-9633-267A7C031795}.Release|iPhone.ActiveCfg = Release|Any CPU
		{2ED349C1-37BF-47A7-9633-267A7C031795}.Release|iPhone.Build.0 = Release|Any CPU
		{2ED349C1-37BF-47A7-9633-267A7C031795}.Release|iPhone.Deploy.0 = Release|Any CPU
		{2ED349C1-37BF-47A7-9633-267A7C031795}.Release|iPhoneSimulator.ActiveCfg = Release|Any CPU
		{2ED349C1-37BF-47A7-9633-267A7C031795}.Release|iPhoneSimulator.Build.0 = Release|Any CPU
		{2ED349C1-37BF-47A7-9633-267A7C031795}.Release|iPhoneSimulator.Deploy.0 = Release|Any CPU
		{6934FEA7-55D6-44B9-BF78-603125B0C20E}.Debug|Any CPU.ActiveCfg = Debug|iPhone
		{6934FEA7-55D6-44B9-BF78-603125B0C20E}.Debug|Any CPU.Build.0 = Debug|iPhone
		{6934FEA7-55D6-44B9-BF78-603125B0C20E}.Debug|Any CPU.Deploy.0 = Debug|iPhone
		{6934FEA7-55D6-44B9-BF78-603125B0C20E}.Debug|iPhone.ActiveCfg = Debug|iPhone
		{6934FEA7-55D6-44B9-BF78-603125B0C20E}.Debug|iPhone.Build.0 = Debug|iPhone
		{6934FEA7-55D6-44B9-BF78-603125B0C20E}.Debug|iPhone.Deploy.0 = Debug|iPhone
		{6934FEA7-55D6-44B9-BF78-603125B0C20E}.Debug|iPhoneSimulator.ActiveCfg = Debug|iPhoneSimulator
		{6934FEA7-55D6-44B9-BF78-603125B0C20E}.Debug|iPhoneSimulator.Build.0 = Debug|iPhoneSimulator
		{6934FEA7-55D6-44B9-BF78-603125B0C20E}.Debug|iPhoneSimulator.Deploy.0 = Debug|iPhoneSimulator
		{6934FEA7-55D6-44B9-BF78-603125B0C20E}.Release|Any CPU.ActiveCfg = Release|iPhoneSimulator
		{6934FEA7-55D6-44B9-BF78-603125B0C20E}.Release|Any CPU.Build.0 = Release|iPhoneSimulator
		{6934FEA7-55D6-44B9-BF78-603125B0C20E}.Release|Any CPU.Deploy.0 = Release|iPhoneSimulator
		{6934FEA7-55D6-44B9-BF78-603125B0C20E}.Release|iPhone.ActiveCfg = Release|iPhone
		{6934FEA7-55D6-44B9-BF78-603125B0C20E}.Release|iPhone.Build.0 = Release|iPhone
		{6934FEA7-55D6-44B9-BF78-603125B0C20E}.Release|iPhone.Deploy.0 = Release|iPhone
		{6934FEA7-55D6-44B9-BF78-603125B0C20E}.Release|iPhoneSimulator.ActiveCfg = Release|iPhoneSimulator
		{6934FEA7-55D6-44B9-BF78-603125B0C20E}.Release|iPhoneSimulator.Build.0 = Release|iPhoneSimulator
		{6934FEA7-55D6-44B9-BF78-603125B0C20E}.Release|iPhoneSimulator.Deploy.0 = Release|iPhoneSimulator
		{001D96BC-5BE3-45C7-8EF4-222F87702B28}.Debug|Any CPU.ActiveCfg = Debug|Any CPU
		{001D96BC-5BE3-45C7-8EF4-222F87702B28}.Debug|Any CPU.Build.0 = Debug|Any CPU
		{001D96BC-5BE3-45C7-8EF4-222F87702B28}.Debug|Any CPU.Deploy.0 = Debug|Any CPU
		{001D96BC-5BE3-45C7-8EF4-222F87702B28}.Debug|iPhone.ActiveCfg = Debug|Any CPU
		{001D96BC-5BE3-45C7-8EF4-222F87702B28}.Debug|iPhone.Build.0 = Debug|Any CPU
		{001D96BC-5BE3-45C7-8EF4-222F87702B28}.Debug|iPhone.Deploy.0 = Debug|Any CPU
		{001D96BC-5BE3-45C7-8EF4-222F87702B28}.Debug|iPhoneSimulator.ActiveCfg = Debug|Any CPU
		{001D96BC-5BE3-45C7-8EF4-222F87702B28}.Debug|iPhoneSimulator.Build.0 = Debug|Any CPU
		{001D96BC-5BE3-45C7-8EF4-222F87702B28}.Debug|iPhoneSimulator.Deploy.0 = Debug|Any CPU
		{001D96BC-5BE3-45C7-8EF4-222F87702B28}.Release|Any CPU.ActiveCfg = Release|Any CPU
		{001D96BC-5BE3-45C7-8EF4-222F87702B28}.Release|Any CPU.Build.0 = Release|Any CPU
		{001D96BC-5BE3-45C7-8EF4-222F87702B28}.Release|Any CPU.Deploy.0 = Release|Any CPU
		{001D96BC-5BE3-45C7-8EF4-222F87702B28}.Release|iPhone.ActiveCfg = Release|Any CPU
		{001D96BC-5BE3-45C7-8EF4-222F87702B28}.Release|iPhone.Build.0 = Release|Any CPU
		{001D96BC-5BE3-45C7-8EF4-222F87702B28}.Release|iPhone.Deploy.0 = Release|Any CPU
		{001D96BC-5BE3-45C7-8EF4-222F87702B28}.Release|iPhoneSimulator.ActiveCfg = Release|Any CPU
		{001D96BC-5BE3-45C7-8EF4-222F87702B28}.Release|iPhoneSimulator.Build.0 = Release|Any CPU
		{001D96BC-5BE3-45C7-8EF4-222F87702B28}.Release|iPhoneSimulator.Deploy.0 = Release|Any CPU
	EndGlobalSection
	GlobalSection(SolutionProperties) = preSolution
		HideSolutionNode = FALSE
	EndGlobalSection
	GlobalSection(ExtensibilityGlobals) = postSolution
		SolutionGuid = {DE2061A4-2673-41DF-909B-A0A29FD6B840}
	EndGlobalSection
EndGlobal
